
Microsoft Visual Studio Solution File, Format Version 12.00
# Visual Studio Version 16
VisualStudioVersion = 16.0.30104.148
MinimumVisualStudioVersion = 10.0.40219.1
Project("{9A19103F-16F7-4668-BE54-9A1E7A4F7556}") = "UrlRedirector", "UrlRedirector.csproj", "{581B4976-EA81-441E-BDC4-AE4DE0FF1A62}"
EndProject
Global
	GlobalSection(SolutionConfigurationPlatforms) = preSolution
		Debug|Any CPU = Debug|Any CPU
		Release|Any CPU = Release|Any CPU
	EndGlobalSection
	GlobalSection(ProjectConfigurationPlatforms) = postSolution
		{581B4976-EA81-441E-BDC4-AE4DE0FF1A62}.Debug|Any CPU.ActiveCfg = Debug|Any CPU
		{581B4976-EA81-441E-BDC4-AE4DE0FF1A62}.Debug|Any CPU.Build.0 = Debug|Any CPU
		{581B4976-EA81-441E-BDC4-AE4DE0FF1A62}.Release|Any CPU.ActiveCfg = Release|Any CPU
		{581B4976-EA81-441E-BDC4-AE4DE0FF1A62}.Release|Any CPU.Build.0 = Release|Any CPU
	EndGlobalSection
	GlobalSection(SolutionProperties) = preSolution
		HideSolutionNode = FALSE
	EndGlobalSection
	GlobalSection(ExtensibilityGlobals) = postSolution
		SolutionGuid = {78716F0E-DE04-4562-9F8C-E0F9101A72CE}
	EndGlobalSection
EndGlobal
