
Microsoft Visual Studio Solution File, Format Version 12.00
# Visual Studio Version 16
VisualStudioVersion = 16.0.30104.148
MinimumVisualStudioVersion = 10.0.40219.1
Project("{9A19103F-16F7-4668-BE54-9A1E7A4F7556}") = "AWS.NetCore.Cognito.Web.SampleApplication", "AWS.NetCore.Cognito.Web.SampleApplication.csproj", "{734CFC27-9910-4C5F-A7F3-5E5AD1825DEE}"
EndProject
Global
	GlobalSection(SolutionConfigurationPlatforms) = preSolution
		Debug|Any CPU = Debug|Any CPU
		Release|Any CPU = Release|Any CPU
	EndGlobalSection
	GlobalSection(ProjectConfigurationPlatforms) = postSolution
		{734CFC27-9910-4C5F-A7F3-5E5AD1825DEE}.Debug|Any CPU.ActiveCfg = Debug|Any CPU
		{734CFC27-9910-4C5F-A7F3-5E5AD1825DEE}.Debug|Any CPU.Build.0 = Debug|Any CPU
		{734CFC27-9910-4C5F-A7F3-5E5AD1825DEE}.Release|Any CPU.ActiveCfg = Release|Any CPU
		{734CFC27-9910-4C5F-A7F3-5E5AD1825DEE}.Release|Any CPU.Build.0 = Release|Any CPU
	EndGlobalSection
	GlobalSection(SolutionProperties) = preSolution
		HideSolutionNode = FALSE
	EndGlobalSection
	GlobalSection(ExtensibilityGlobals) = postSolution
		SolutionGuid = {A2A8CC0D-2FAC-4B3B-B2FF-552F3CE33AFF}
	EndGlobalSection
EndGlobal
